[[package]]
category = "dev"
description = "Atomic file writes."
name = "atomicwrites"
optional = false
python-versions = ">=2.7, !=3.0.*, !=3.1.*, !=3.2.*, !=3.3.*"
version = "1.3.0"

[[package]]
category = "dev"
description = "Classes Without Boilerplate"
name = "attrs"
optional = false
python-versions = ">=2.7, !=3.0.*, !=3.1.*, !=3.2.*, !=3.3.*"
version = "19.3.0"

[[package]]
category = "dev"
description = "Cross-platform colored terminal text."
marker = "sys_platform == \"win32\""
name = "colorama"
optional = false
python-versions = ">=2.7, !=3.0.*, !=3.1.*, !=3.2.*, !=3.3.*"
version = "0.4.1"

[[package]]
category = "dev"
description = "Read metadata from Python packages"
marker = "python_version < \"3.8\""
name = "importlib-metadata"
optional = false
python-versions = ">=2.7,!=3.0,!=3.1,!=3.2,!=3.3"
version = "0.23"

[package.dependencies]
zipp = ">=0.5"

[[package]]
category = "dev"
description = "More routines for operating on iterables, beyond itertools"
name = "more-itertools"
optional = false
python-versions = ">=3.4"
version = "7.2.0"

[[package]]
category = "dev"
description = "plugin and hook calling mechanisms for python"
name = "pluggy"
optional = false
python-versions = ">=2.7, !=3.0.*, !=3.1.*, !=3.2.*, !=3.3.*"
version = "0.13.0"

[package.dependencies]
[package.dependencies.importlib-metadata]
python = "<3.8"
version = ">=0.12"

[[package]]
category = "dev"
description = "library with cross-python path, ini-parsing, io, code, log facilities"
name = "py"
optional = false
python-versions = ">=2.7, !=3.0.*, !=3.1.*, !=3.2.*, !=3.3.*"
version = "1.8.0"

[[package]]
category = "main"
description = "Python interface for cairo"
name = "pycairo"
optional = false
python-versions = "*"
version = "1.18.1"

[[package]]
category = "main"
description = "Python bindings for GObject Introspection"
name = "pygobject"
optional = false
python-versions = ">=2.7, !=3.0.*, !=3.1.*, !=3.2.*, !=3.3.*, !=3.4.*, <4"
version = "3.34.0"

[package.dependencies]
pycairo = ">=1.11.1"

[[package]]
category = "main"
description = "Monitor and control user input devices"
name = "pynput"
optional = false
python-versions = "*"
version = "1.4.4"

[package.dependencies]
pyobjc-framework-Quartz = ">=3.0"
python-xlib = ">=0.17"
six = "*"

[[package]]
category = "main"
description = "Python<->ObjC Interoperability Module"
marker = "sys_platform == \"darwin\""
name = "pyobjc-core"
optional = false
python-versions = ">=3.6"
version = "6.0.1"

[[package]]
category = "main"
description = "Wrappers for the Cocoa frameworks on macOS"
marker = "sys_platform == \"darwin\""
name = "pyobjc-framework-cocoa"
optional = false
python-versions = ">=3.6"
version = "6.0.1"

[package.dependencies]
pyobjc-core = ">=6.0.1"

[[package]]
category = "main"
description = "Wrappers for the Quartz frameworks on macOS"
marker = "sys_platform == \"darwin\""
name = "pyobjc-framework-quartz"
optional = false
python-versions = ">=3.6"
version = "6.0.1"

[package.dependencies]
pyobjc-core = ">=6.0.1"
pyobjc-framework-Cocoa = ">=6.0.1"

[[package]]
category = "dev"
description = "pytest: simple powerful testing with Python"
name = "pytest"
optional = false
python-versions = ">=2.7, !=3.0.*, !=3.1.*, !=3.2.*, !=3.3.*"
version = "3.10.1"

[package.dependencies]
atomicwrites = ">=1.0"
attrs = ">=17.4.0"
colorama = "*"
more-itertools = ">=4.0.0"
pluggy = ">=0.7"
py = ">=1.5.0"
setuptools = "*"
six = ">=1.10.0"

[[package]]
category = "main"
description = "Python X Library"
marker = "sys_platform in \"linux\""
name = "python-xlib"
optional = false
python-versions = "*"
version = "0.25"

[package.dependencies]
six = ">=1.10.0"

[[package]]
category = "main"
description = "Python 2 and 3 compatibility utilities"
name = "six"
optional = false
python-versions = ">=2.6, !=3.0.*, !=3.1.*"
version = "1.12.0"

[[package]]
category = "dev"
description = "Backport of pathlib-compatible object wrapper for zip files"
marker = "python_version < \"3.8\""
name = "zipp"
optional = false
python-versions = ">=2.7"
version = "0.6.0"

[package.dependencies]
more-itertools = "*"

[metadata]
content-hash = "76e65e2ee8b2a99bd29fcd30ef640982f1bca279f2116c941dfa58aa02bfdf3a"
python-versions = "^3.7"

[metadata.hashes]
atomicwrites = ["03472c30eb2c5d1ba9227e4c2ca66ab8287fbfbbda3888aa93dc2e28fc6811b4", "75a9445bac02d8d058d5e1fe689654ba5a6556a1dfd8ce6ec55a0ed79866cfa6"]
attrs = ["08a96c641c3a74e44eb59afb61a24f2cb9f4d7188748e76ba4bb5edfa3cb7d1c", "f7b7ce16570fe9965acd6d30101a28f62fb4a7f9e926b3bbc9b61f8b04247e72"]
colorama = ["05eed71e2e327246ad6b38c540c4a3117230b19679b875190486ddd2d721422d", "f8ac84de7840f5b9c4e3347b3c1eaa50f7e49c2b07596221daec5edaabbd7c48"]
importlib-metadata = ["aa18d7378b00b40847790e7c27e11673d7fed219354109d0e7b9e5b25dc3ad26", "d5f18a79777f3aa179c145737780282e27b508fc8fd688cb17c7a813e8bd39af"]
more-itertools = ["409cd48d4db7052af495b09dec721011634af3753ae1ef92d2b32f73a745f832", "92b8c4b06dac4f0611c0729b2f2ede52b2e1bac1ab48f089c7ddc12e26bb60c4"]
pluggy = ["0db4b7601aae1d35b4a033282da476845aa19185c1e6964b25cf324b5e4ec3e6", "fa5fa1622fa6dd5c030e9cad086fa19ef6a0cf6d7a2d12318e10cb49d6d68f34"]
py = ["64f65755aee5b381cea27766a3a147c3f15b9b6b9ac88676de66ba2ae36793fa", "dc639b046a6e2cff5bbe40194ad65936d6ba360b52b3c3fe1d08a82dd50b5e53"]
pycairo = ["70172e58b6bad7572a3518c26729b074acdde15e6fee6cbab6d3528ad552b786"]
pygobject = ["2acb0daf2b3a23a90f52066cc23d1053339fee2f5f7f4275f8baa3704ae0c543"]
pynput = ["2b97ddb90aa1f3523b3bdd8e0be6d6faa74a7a1b3991839ae1961ea331d7297a", "9503a0fab13bdab295e432c4738395b93450e342920a4517a09ad27b0101db49", "e42fe211ec05c62a54a7ac2dd0acc829121030335fac28270221a9d0d3b0f807"]
pyobjc-core = ["8b1c64a9f3fefe552a60c0f684face7315384031e6bb1f64930eecee799cb0ee", "9637e3c4c53129182b68e88c450719ff9f0f4d9b915b2cf11d4c57c37643d4e3", "96ef0564f718ee3e5cb1d3883a7a4ba083c0d3f4629f50cd2aedb4be62fb160a", "9a4d77ac4e3e4d01567d65a0ea11530c059a3966c164dc458c8d9b0ba773b9b4"]
pyobjc-framework-cocoa = ["6a344805d228b35fd8652a27122d12bcb3fc2e6f57bbb10609a62616a66d40da", "73e6eae7de8de33b2968b0c001aebb8ced4418b8969e791f4cd95f7b722d1a26", "7ad304c2665c5d91b22eb87f85f49b4571acc8a9d08bda52c0c119762243d5d8", "915e0d7d1e21d6ea3bdab08fc548fad96f54b0c1cad3d799946caecc6d58e282"]
pyobjc-framework-quartz = ["009996591e3509e68b32ece25082174195afc61bdfd19a2e37a20c6959b47d90", "b93d69be73f4f31655ab0a88bae594d1dbf9446145aa63eeb7b323767bc394d1", "d9ac93d47941ecbf86376c0d4e37212cbda95a579c9128affbaf50920b1b7f2d", "f7ded542797f6a3a0fe86052ec0918e57394777b5fee42f9405ff17029f05542"]
pytest = ["3f193df1cfe1d1609d4c583838bea3d532b18d6160fd3f55c9447fdca30848ec", "e246cf173c01169b9617fc07264b7b1316e78d7a650055235d6d897bc80d9660"]
python-xlib = ["204f280b549352af6cbdaff43405186822ae05749518dd9be209bd88a0088f99", "cdc806892f28fcd2c52e22a646c2ae3af3f0539cbbacfe7b344231d75eb96095"]
six = ["3350809f0555b11f552448330d0b52d5f24c91a322ea4a15ef22629740f3761c", "d16a0141ec1a18405cd4ce8b4613101da75da0e9a7aec5bdd4fa804d0e0eba73"]
zipp = ["3718b1cbcd963c7d4c5511a8240812904164b7f381b647143a89d3b98f9bcd8e", "f06903e9f1f43b12d371004b4ac7b06ab39a44adc747266928ae6debfa7b3335"]
